
Microsoft Visual Studio Solution File, Format Version 12.00
# Visual Studio 14
VisualStudioVersion = 14.0.23107.0
MinimumVisualStudioVersion = 10.0.40219.1
Project("{FAE04EC0-301F-11D3-BF4B-00C04F79EFBC}") = "Animal Shelter ASP.NET", "Animal Shelter ASP.NET\Animal Shelter ASP.NET.csproj", "{EA73F10C-06AA-4D9C-91A8-F5350B403729}"
EndProject
Project("{FAE04EC0-301F-11D3-BF4B-00C04F79EFBC}") = "Animal Shelter ASP.NET.Tests", "Animal Shelter ASP.NET.Tests\Animal Shelter ASP.NET.Tests.csproj", "{786EA50B-6A19-4A33-822B-EBBB85F07E61}"
EndProject
Global
	GlobalSection(SolutionConfigurationPlatforms) = preSolution
		Debug|Any CPU = Debug|Any CPU
		Release|Any CPU = Release|Any CPU
	EndGlobalSection
	GlobalSection(ProjectConfigurationPlatforms) = postSolution
		{EA73F10C-06AA-4D9C-91A8-F5350B403729}.Debug|Any CPU.ActiveCfg = Debug|Any CPU
		{EA73F10C-06AA-4D9C-91A8-F5350B403729}.Debug|Any CPU.Build.0 = Debug|Any CPU
		{EA73F10C-06AA-4D9C-91A8-F5350B403729}.Release|Any CPU.ActiveCfg = Release|Any CPU
		{EA73F10C-06AA-4D9C-91A8-F5350B403729}.Release|Any CPU.Build.0 = Release|Any CPU
		{786EA50B-6A19-4A33-822B-EBBB85F07E61}.Debug|Any CPU.ActiveCfg = Debug|Any CPU
		{786EA50B-6A19-4A33-822B-EBBB85F07E61}.Debug|Any CPU.Build.0 = Debug|Any CPU
		{786EA50B-6A19-4A33-822B-EBBB85F07E61}.Release|Any CPU.ActiveCfg = Release|Any CPU
		{786EA50B-6A19-4A33-822B-EBBB85F07E61}.Release|Any CPU.Build.0 = Release|Any CPU
	EndGlobalSection
	GlobalSection(SolutionProperties) = preSolution
		HideSolutionNode = FALSE
	EndGlobalSection
EndGlobal
